{
  "version": 4,
  "terraform_version": "1.5.5",
  "serial": 125,
  "lineage": "aed4d3a9-b843-78d1-33f4-8bc876788112",
  "outputs": {},
  "resources": [
    {
      "mode": "managed",
      "type": "proxmox_virtual_environment_vm",
      "name": "stg-k8s-master-1",
      "provider": "provider[\"registry.terraform.io/bpg/proxmox\"].pve4",
      "instances": [
        {
          "schema_version": 0,
          "attributes": {
            "acpi": true,
            "agent": [
              {
                "enabled": true,
                "timeout": "15m",
                "trim": false,
                "type": "virtio"
              }
            ],
            "audio_device": [],
            "bios": "seabios",
            "boot_order": null,
            "cdrom": [],
            "clone": [
              {
                "datastore_id": "",
                "full": true,
                "node_name": "",
                "retries": 1,
                "vm_id": 9001
              }
            ],
            "cpu": [
              {
                "architecture": "x86_64",
                "cores": 4,
                "flags": null,
                "hotplugged": 0,
                "limit": 0,
                "numa": false,
                "sockets": 1,
                "type": "host",
                "units": 1024
              }
            ],
            "description": null,
            "disk": [
              {
                "cache": "none",
                "datastore_id": "nvme-a",
                "discard": "ignore",
                "file_format": "raw",
                "file_id": "",
                "interface": "scsi0",
                "iothread": false,
                "path_in_datastore": "vm-4101-disk-0",
                "size": 20,
                "speed": [],
                "ssd": false
              }
            ],
            "efi_disk": [],
            "hook_script_file_id": null,
            "hostpci": [],
            "id": "4101",
            "initialization": [
              {
                "datastore_id": "nvme-a",
                "dns": [],
                "interface": "ide2",
                "ip_config": [
                  {
                    "ipv4": [
                      {
                        "address": "10.20.0.91/24",
                        "gateway": "10.20.0.1"
                      }
                    ],
                    "ipv6": []
                  }
                ],
                "meta_data_file_id": "",
                "network_data_file_id": "",
                "type": "",
                "user_account": [
                  {
                    "keys": [
                      "ssh-rsa AAAAB3NzaC1yc2EAAAADAQABAAABgQCvk0aNTYjlsMKbUyt734AtHUKWSCEsD8LgJbp2srIUMAp14hMPh7owRCmZsgqEWyB+b5fwEb3KdJykQSxYmLInB6qsd0e4GTmNHhXkg/KLQV1Nqyr084gefsPtdwPuoshgTiMH6HfGwsxQEb5LzSlBUeGT0KcrHM95QcXOYFFnclfnqJOyWrBWFC1m9rLN23rwpfwowAUCQTXXgqm/+SxJU15RF/b+Pxa7liV0stwmRn4gNeMeQVL6fm3c6SfwS3LjuiHUjoeq6Ugf26Wna5pLOW2gqGiyP82f6twdM+6GHUqjw7hgchbDRZEwV6ugYIsw8kkat1ncQxpPrkqGqY2z9cCeDURS73Qwt2fon6DrRtrP76AxtV3pl1+JuF0fIC9zTszKLLG8or+e2vdlWg6Q2pGuK0wIyu52DfWu7v5Kx/YogQZKGdVDfDt1ANHIJj6njz+jA1GREMXjKhfCI0hHy2r+cUfuIuTpFoMvDYQXCdd0RVBHCzaWpOOhH7ldnTM= luis@daikanyama"
                    ],
                    "password": "**********",
                    "username": "ansible"
                  }
                ],
                "user_data_file_id": "",
                "vendor_data_file_id": ""
              }
            ],
            "ipv4_addresses": [
              [
                "127.0.0.1"
              ],
              [
                "10.20.0.91"
              ]
            ],
            "ipv6_addresses": [
              [
                "::1"
              ],
              [
                "fe80::be24:11ff:fe9c:32bf"
              ]
            ],
            "keyboard_layout": "en-us",
            "kvm_arguments": null,
            "mac_addresses": [
              "00:00:00:00:00:00",
              "BC:24:11:9C:32:BF"
            ],
            "machine": null,
            "memory": [
              {
                "dedicated": 4096,
                "floating": 0,
                "shared": 0
              }
            ],
            "migrate": false,
            "name": "stg-k8s-master-1",
            "network_device": [
              {
                "bridge": "vmbr0",
                "enabled": true,
                "firewall": false,
                "mac_address": "BC:24:11:9C:32:BF",
                "model": "virtio",
                "mtu": 0,
                "queues": 0,
                "rate_limit": 0,
                "vlan_id": 20
              }
            ],
            "network_interface_names": [
              "lo",
              "eth0"
            ],
            "node_name": "pve4",
            "on_boot": true,
            "operating_system": [],
            "pool_id": null,
            "reboot": false,
            "scsi_hardware": "virtio-scsi-single",
            "serial_device": [],
            "smbios": [],
            "started": true,
            "startup": [],
            "stop_on_destroy": false,
            "tablet_device": false,
            "tags": null,
            "template": false,
            "timeout_clone": 1800,
            "timeout_create": 1800,
            "timeout_migrate": 1800,
            "timeout_move_disk": 1800,
            "timeout_reboot": 1800,
            "timeout_shutdown_vm": 1800,
            "timeout_start_vm": 1800,
            "timeout_stop_vm": 300,
            "tpm_state": [],
            "usb": [],
            "vga": [],
            "vm_id": 4101
          },
          "sensitive_attributes": [],
          "private": "bnVsbA=="
        }
      ]
    },
    {
      "mode": "managed",
      "type": "proxmox_virtual_environment_vm",
      "name": "stg-k8s-master-2",
      "provider": "provider[\"registry.terraform.io/bpg/proxmox\"].pve4",
      "instances": [
        {
          "schema_version": 0,
          "attributes": {
            "acpi": true,
            "agent": [
              {
                "enabled": true,
                "timeout": "15m",
                "trim": false,
                "type": "virtio"
              }
            ],
            "audio_device": [],
            "bios": "seabios",
            "boot_order": null,
            "cdrom": [],
            "clone": [
              {
                "datastore_id": "",
                "full": true,
                "node_name": "",
                "retries": 1,
                "vm_id": 9002
              }
            ],
            "cpu": [
              {
                "architecture": "x86_64",
                "cores": 4,
                "flags": null,
                "hotplugged": 0,
                "limit": 0,
                "numa": false,
                "sockets": 1,
                "type": "host",
                "units": 1024
              }
            ],
            "description": null,
            "disk": [
              {
                "cache": "none",
                "datastore_id": "nvme-b",
                "discard": "ignore",
                "file_format": "raw",
                "file_id": "",
                "interface": "scsi0",
                "iothread": false,
                "path_in_datastore": "vm-4102-disk-0",
                "size": 20,
                "speed": [],
                "ssd": false
              }
            ],
            "efi_disk": [],
            "hook_script_file_id": null,
            "hostpci": [],
            "id": "4102",
            "initialization": [
              {
                "datastore_id": "nvme-b",
                "dns": [],
                "interface": "ide2",
                "ip_config": [
                  {
                    "ipv4": [
                      {
                        "address": "10.20.0.92/24",
                        "gateway": "10.20.0.1"
                      }
                    ],
                    "ipv6": []
                  }
                ],
                "meta_data_file_id": "",
                "network_data_file_id": "",
                "type": "",
                "user_account": [
                  {
                    "keys": [
                      "ssh-rsa AAAAB3NzaC1yc2EAAAADAQABAAABgQCvk0aNTYjlsMKbUyt734AtHUKWSCEsD8LgJbp2srIUMAp14hMPh7owRCmZsgqEWyB+b5fwEb3KdJykQSxYmLInB6qsd0e4GTmNHhXkg/KLQV1Nqyr084gefsPtdwPuoshgTiMH6HfGwsxQEb5LzSlBUeGT0KcrHM95QcXOYFFnclfnqJOyWrBWFC1m9rLN23rwpfwowAUCQTXXgqm/+SxJU15RF/b+Pxa7liV0stwmRn4gNeMeQVL6fm3c6SfwS3LjuiHUjoeq6Ugf26Wna5pLOW2gqGiyP82f6twdM+6GHUqjw7hgchbDRZEwV6ugYIsw8kkat1ncQxpPrkqGqY2z9cCeDURS73Qwt2fon6DrRtrP76AxtV3pl1+JuF0fIC9zTszKLLG8or+e2vdlWg6Q2pGuK0wIyu52DfWu7v5Kx/YogQZKGdVDfDt1ANHIJj6njz+jA1GREMXjKhfCI0hHy2r+cUfuIuTpFoMvDYQXCdd0RVBHCzaWpOOhH7ldnTM= luis@daikanyama"
                    ],
                    "password": "**********",
                    "username": "ansible"
                  }
                ],
                "user_data_file_id": "",
                "vendor_data_file_id": ""
              }
            ],
            "ipv4_addresses": [
              [
                "127.0.0.1"
              ],
              [
                "10.20.0.92"
              ]
            ],
            "ipv6_addresses": [
              [
                "::1"
              ],
              [
                "fe80::be24:11ff:fe26:5371"
              ]
            ],
            "keyboard_layout": "en-us",
            "kvm_arguments": null,
            "mac_addresses": [
              "00:00:00:00:00:00",
              "BC:24:11:26:53:71"
            ],
            "machine": null,
            "memory": [
              {
                "dedicated": 4096,
                "floating": 0,
                "shared": 0
              }
            ],
            "migrate": false,
            "name": "stg-k8s-master-2",
            "network_device": [
              {
                "bridge": "vmbr0",
                "enabled": true,
                "firewall": false,
                "mac_address": "BC:24:11:26:53:71",
                "model": "virtio",
                "mtu": 0,
                "queues": 0,
                "rate_limit": 0,
                "vlan_id": 20
              }
            ],
            "network_interface_names": [
              "lo",
              "eth0"
            ],
            "node_name": "pve4",
            "on_boot": true,
            "operating_system": [],
            "pool_id": null,
            "reboot": false,
            "scsi_hardware": "virtio-scsi-single",
            "serial_device": [],
            "smbios": [],
            "started": true,
            "startup": [],
            "stop_on_destroy": false,
            "tablet_device": false,
            "tags": null,
            "template": false,
            "timeout_clone": 1800,
            "timeout_create": 1800,
            "timeout_migrate": 1800,
            "timeout_move_disk": 1800,
            "timeout_reboot": 1800,
            "timeout_shutdown_vm": 1800,
            "timeout_start_vm": 1800,
            "timeout_stop_vm": 300,
            "tpm_state": [],
            "usb": [],
            "vga": [],
            "vm_id": 4102
          },
          "sensitive_attributes": [],
          "private": "bnVsbA=="
        }
      ]
    },
    {
      "mode": "managed",
      "type": "proxmox_virtual_environment_vm",
      "name": "stg-k8s-master-3",
      "provider": "provider[\"registry.terraform.io/bpg/proxmox\"].pve4",
      "instances": [
        {
          "schema_version": 0,
          "attributes": {
            "acpi": true,
            "agent": [
              {
                "enabled": true,
                "timeout": "15m",
                "trim": false,
                "type": "virtio"
              }
            ],
            "audio_device": [],
            "bios": "seabios",
            "boot_order": null,
            "cdrom": [],
            "clone": [
              {
                "datastore_id": "",
                "full": true,
                "node_name": "",
                "retries": 1,
                "vm_id": 9003
              }
            ],
            "cpu": [
              {
                "architecture": "x86_64",
                "cores": 4,
                "flags": null,
                "hotplugged": 0,
                "limit": 0,
                "numa": false,
                "sockets": 1,
                "type": "host",
                "units": 1024
              }
            ],
            "description": null,
            "disk": [
              {
                "cache": "none",
                "datastore_id": "nvme-c",
                "discard": "ignore",
                "file_format": "raw",
                "file_id": "",
                "interface": "scsi0",
                "iothread": false,
                "path_in_datastore": "vm-4103-disk-0",
                "size": 20,
                "speed": [],
                "ssd": false
              }
            ],
            "efi_disk": [],
            "hook_script_file_id": null,
            "hostpci": [],
            "id": "4103",
            "initialization": [
              {
                "datastore_id": "nvme-c",
                "dns": [],
                "interface": "ide2",
                "ip_config": [
                  {
                    "ipv4": [
                      {
                        "address": "10.20.0.93/24",
                        "gateway": "10.20.0.1"
                      }
                    ],
                    "ipv6": []
                  }
                ],
                "meta_data_file_id": "",
                "network_data_file_id": "",
                "type": "",
                "user_account": [
                  {
                    "keys": [
                      "ssh-rsa AAAAB3NzaC1yc2EAAAADAQABAAABgQCvk0aNTYjlsMKbUyt734AtHUKWSCEsD8LgJbp2srIUMAp14hMPh7owRCmZsgqEWyB+b5fwEb3KdJykQSxYmLInB6qsd0e4GTmNHhXkg/KLQV1Nqyr084gefsPtdwPuoshgTiMH6HfGwsxQEb5LzSlBUeGT0KcrHM95QcXOYFFnclfnqJOyWrBWFC1m9rLN23rwpfwowAUCQTXXgqm/+SxJU15RF/b+Pxa7liV0stwmRn4gNeMeQVL6fm3c6SfwS3LjuiHUjoeq6Ugf26Wna5pLOW2gqGiyP82f6twdM+6GHUqjw7hgchbDRZEwV6ugYIsw8kkat1ncQxpPrkqGqY2z9cCeDURS73Qwt2fon6DrRtrP76AxtV3pl1+JuF0fIC9zTszKLLG8or+e2vdlWg6Q2pGuK0wIyu52DfWu7v5Kx/YogQZKGdVDfDt1ANHIJj6njz+jA1GREMXjKhfCI0hHy2r+cUfuIuTpFoMvDYQXCdd0RVBHCzaWpOOhH7ldnTM= luis@daikanyama"
                    ],
                    "password": "**********",
                    "username": "ansible"
                  }
                ],
                "user_data_file_id": "",
                "vendor_data_file_id": ""
              }
            ],
            "ipv4_addresses": [
              [
                "127.0.0.1"
              ],
              [
                "10.20.0.93"
              ]
            ],
            "ipv6_addresses": [
              [
                "::1"
              ],
              [
                "fe80::be24:11ff:fec9:dc9"
              ]
            ],
            "keyboard_layout": "en-us",
            "kvm_arguments": null,
            "mac_addresses": [
              "00:00:00:00:00:00",
              "BC:24:11:C9:0D:C9"
            ],
            "machine": null,
            "memory": [
              {
                "dedicated": 4096,
                "floating": 0,
                "shared": 0
              }
            ],
            "migrate": false,
            "name": "stg-k8s-master-3",
            "network_device": [
              {
                "bridge": "vmbr0",
                "enabled": true,
                "firewall": false,
                "mac_address": "BC:24:11:C9:0D:C9",
                "model": "virtio",
                "mtu": 0,
                "queues": 0,
                "rate_limit": 0,
                "vlan_id": 20
              }
            ],
            "network_interface_names": [
              "lo",
              "eth0"
            ],
            "node_name": "pve4",
            "on_boot": true,
            "operating_system": [],
            "pool_id": null,
            "reboot": false,
            "scsi_hardware": "virtio-scsi-single",
            "serial_device": [],
            "smbios": [],
            "started": true,
            "startup": [],
            "stop_on_destroy": false,
            "tablet_device": false,
            "tags": null,
            "template": false,
            "timeout_clone": 1800,
            "timeout_create": 1800,
            "timeout_migrate": 1800,
            "timeout_move_disk": 1800,
            "timeout_reboot": 1800,
            "timeout_shutdown_vm": 1800,
            "timeout_start_vm": 1800,
            "timeout_stop_vm": 300,
            "tpm_state": [],
            "usb": [],
            "vga": [],
            "vm_id": 4103
          },
          "sensitive_attributes": [],
          "private": "bnVsbA=="
        }
      ]
    }
  ],
  "check_results": null
}
